<Solution>
  <Folder Name="/Misc/">
    <File Path="Directory.Build.props" />
    <File Path="Directory.Packages.props" />
    <File Path="LICENSE" />
    <File Path="README.md" />
  </Folder>

  <Project Path="MacBundle.Demo.Gui/MacBundle.Demo.Gui.csproj" />
  <Project Path="MacBundle.Tests/MacBundle.Tests.csproj" />
  <Project Path="MacBundle/MacBundle.csproj" />
</Solution>
